
Microsoft Visual Studio Solution File, Format Version 12.00
# Visual Studio 15
VisualStudioVersion = 15.0.27130.2026
MinimumVisualStudioVersion = 10.0.40219.1
Project("{FAE04EC0-301F-11D3-BF4B-00C04F79EFBC}") = "SeleniumJenkins", "SeleniumJenkins\SeleniumJenkins.csproj", "{DAA7392F-92B3-43B3-9149-175D77446A12}"
EndProject
Global
	GlobalSection(SolutionConfigurationPlatforms) = preSolution
		Debug|Any CPU = Debug|Any CPU
		Release|Any CPU = Release|Any CPU
	EndGlobalSection
	GlobalSection(ProjectConfigurationPlatforms) = postSolution
		{DAA7392F-92B3-43B3-9149-175D77446A12}.Debug|Any CPU.ActiveCfg = Debug|Any CPU
		{DAA7392F-92B3-43B3-9149-175D77446A12}.Debug|Any CPU.Build.0 = Debug|Any CPU
		{DAA7392F-92B3-43B3-9149-175D77446A12}.Release|Any CPU.ActiveCfg = Release|Any CPU
		{DAA7392F-92B3-43B3-9149-175D77446A12}.Release|Any CPU.Build.0 = Release|Any CPU
	EndGlobalSection
	GlobalSection(SolutionProperties) = preSolution
		HideSolutionNode = FALSE
	EndGlobalSection
	GlobalSection(ExtensibilityGlobals) = postSolution
		SolutionGuid = {20394E8C-28F3-42A8-8995-C41DC4AECCD8}
	EndGlobalSection
EndGlobal
